// !$*UTF8*$!
{
	archiveVersion = 1;
	classes = {
	};
	objectVersion = 46;
	objects = {

/* Begin PBXBuildFile section */
		303D5EB51C7A0077009D7864 /* main.m in Sources */ = {isa = PBXBuildFile; fileRef = 303D5EB41C7A0077009D7864 /* main.m */; };
		303D5EB81C7A0077009D7864 /* AppDelegate.m in Sources */ = {isa = PBXBuildFile; fileRef = 303D5EB71C7A0077009D7864 /* AppDelegate.m */; };
		303D5EC01C7A0077009D7864 /* Assets.xcassets in Resources */ = {isa = PBXBuildFile; fileRef = 303D5EBF1C7A0077009D7864 /* Assets.xcassets */; };
		303D5EC31C7A0077009D7864 /* LaunchScreen.storyboard in Resources */ = {isa = PBXBuildFile; fileRef = 303D5EC11C7A0077009D7864 /* LaunchScreen.storyboard */; };
		303D5ED01C7A0239009D7864 /* VIEShowMainViewController.m in Sources */ = {isa = PBXBuildFile; fileRef = 303D5ECF1C7A0239009D7864 /* VIEShowMainViewController.m */; };
		303D5ED31C7A025F009D7864 /* VIEHTTPSessionManager.m in Sources */ = {isa = PBXBuildFile; fileRef = 303D5ED21C7A025F009D7864 /* VIEHTTPSessionManager.m */; };
		303D5ED91C7A0289009D7864 /* VIENavigationController.m in Sources */ = {isa = PBXBuildFile; fileRef = 303D5ED71C7A0289009D7864 /* VIENavigationController.m */; };
		303D5EDA1C7A0289009D7864 /* VIENavigationController.xib in Resources */ = {isa = PBXBuildFile; fileRef = 303D5ED81C7A0289009D7864 /* VIENavigationController.xib */; };
		303D5EDD1C7A0296009D7864 /* VIEShowLoginViewController.m in Sources */ = {isa = PBXBuildFile; fileRef = 303D5EDC1C7A0296009D7864 /* VIEShowLoginViewController.m */; };
		30BC5C5E1C7B1EA20040F0BC /* VIEShowMainTableViewCell.m in Sources */ = {isa = PBXBuildFile; fileRef = 30BC5C5C1C7B1EA20040F0BC /* VIEShowMainTableViewCell.m */; };
		30BC5C5F1C7B1EA20040F0BC /* VIEShowMainTableViewCell.xib in Resources */ = {isa = PBXBuildFile; fileRef = 30BC5C5D1C7B1EA20040F0BC /* VIEShowMainTableViewCell.xib */; };
		4ECA4EBB779EA5E8BF008307 /* libPods.a in Frameworks */ = {isa = PBXBuildFile; fileRef = 885E3B041C796E4528737BB3 /* libPods.a */; };
/* End PBXBuildFile section */

/* Begin PBXFileReference section */
		303D5EB01C7A0077009D7864 /* Viediscovery.app */ = {isa = PBXFileReference; explicitFileType = wrapper.application; includeInIndex = 0; path = Viediscovery.app; sourceTree = BUILT_PRODUCTS_DIR; };
		303D5EB41C7A0077009D7864 /* main.m */ = {isa = PBXFileReference; lastKnownFileType = sourcecode.c.objc; path = main.m; sourceTree = "<group>"; };
		303D5EB61C7A0077009D7864 /* AppDelegate.h */ = {isa = PBXFileReference; lastKnownFileType = sourcecode.c.h; path = AppDelegate.h; sourceTree = "<group>"; };
		303D5EB71C7A0077009D7864 /* AppDelegate.m */ = {isa = PBXFileReference; lastKnownFileType = sourcecode.c.objc; path = AppDelegate.m; sourceTree = "<group>"; };
		303D5EBF1C7A0077009D7864 /* Assets.xcassets */ = {isa = PBXFileReference; lastKnownFileType = folder.assetcatalog; path = Assets.xcassets; sourceTree = "<group>"; };
		303D5EC21C7A0077009D7864 /* Base */ = {isa = PBXFileReference; lastKnownFileType = file.storyboard; name = Base; path = Base.lproj/LaunchScreen.storyboard; sourceTree = "<group>"; };
		303D5EC41C7A0077009D7864 /* Info.plist */ = {isa = PBXFileReference; lastKnownFileType = text.plist.xml; path = Info.plist; sourceTree = "<group>"; };
		303D5ECE1C7A0239009D7864 /* VIEShowMainViewController.h */ = {isa = PBXFileReference; fileEncoding = 4; lastKnownFileType = sourcecode.c.h; path = VIEShowMainViewController.h; sourceTree = "<group>"; };
		303D5ECF1C7A0239009D7864 /* VIEShowMainViewController.m */ = {isa = PBXFileReference; fileEncoding = 4; lastKnownFileType = sourcecode.c.objc; path = VIEShowMainViewController.m; sourceTree = "<group>"; };
		303D5ED11C7A025F009D7864 /* VIEHTTPSessionManager.h */ = {isa = PBXFileReference; fileEncoding = 4; lastKnownFileType = sourcecode.c.h; path = VIEHTTPSessionManager.h; sourceTree = "<group>"; };
		303D5ED21C7A025F009D7864 /* VIEHTTPSessionManager.m */ = {isa = PBXFileReference; fileEncoding = 4; lastKnownFileType = sourcecode.c.objc; path = VIEHTTPSessionManager.m; sourceTree = "<group>"; };
		303D5ED61C7A0289009D7864 /* VIENavigationController.h */ = {isa = PBXFileReference; fileEncoding = 4; lastKnownFileType = sourcecode.c.h; path = VIENavigationController.h; sourceTree = "<group>"; };
		303D5ED71C7A0289009D7864 /* VIENavigationController.m */ = {isa = PBXFileReference; fileEncoding = 4; lastKnownFileType = sourcecode.c.objc; path = VIENavigationController.m; sourceTree = "<group>"; };
		303D5ED81C7A0289009D7864 /* VIENavigationController.xib */ = {isa = PBXFileReference; fileEncoding = 4; lastKnownFileType = file.xib; path = VIENavigationController.xib; sourceTree = "<group>"; };
		303D5EDB1C7A0296009D7864 /* VIEShowLoginViewController.h */ = {isa = PBXFileReference; fileEncoding = 4; lastKnownFileType = sourcecode.c.h; path = VIEShowLoginViewController.h; sourceTree = "<group>"; };
		303D5EDC1C7A0296009D7864 /* VIEShowLoginViewController.m */ = {isa = PBXFileReference; fileEncoding = 4; lastKnownFileType = sourcecode.c.objc; path = VIEShowLoginViewController.m; sourceTree = "<group>"; };
		30BC5C5B1C7B1EA20040F0BC /* VIEShowMainTableViewCell.h */ = {isa = PBXFileReference; fileEncoding = 4; lastKnownFileType = sourcecode.c.h; path = VIEShowMainTableViewCell.h; sourceTree = "<group>"; };
		30BC5C5C1C7B1EA20040F0BC /* VIEShowMainTableViewCell.m */ = {isa = PBXFileReference; fileEncoding = 4; lastKnownFileType = sourcecode.c.objc; path = VIEShowMainTableViewCell.m; sourceTree = "<group>"; };
		30BC5C5D1C7B1EA20040F0BC /* VIEShowMainTableViewCell.xib */ = {isa = PBXFileReference; fileEncoding = 4; lastKnownFileType = file.xib; path = VIEShowMainTableViewCell.xib; sourceTree = "<group>"; };
		48593DF5420EA2A4C33E67EF /* Pods.debug.xcconfig */ = {isa = PBXFileReference; includeInIndex = 1; lastKnownFileType = text.xcconfig; name = Pods.debug.xcconfig; path = "Pods/Target Support Files/Pods/Pods.debug.xcconfig"; sourceTree = "<group>"; };
		689F08FEA9B60719743C0F32 /* Pods.release.xcconfig */ = {isa = PBXFileReference; includeInIndex = 1; lastKnownFileType = text.xcconfig; name = Pods.release.xcconfig; path = "Pods/Target Support Files/Pods/Pods.release.xcconfig"; sourceTree = "<group>"; };
		885E3B041C796E4528737BB3 /* libPods.a */ = {isa = PBXFileReference; explicitFileType = archive.ar; includeInIndex = 0; path = libPods.a; sourceTree = BUILT_PRODUCTS_DIR; };
/* End PBXFileReference section */

/* Begin PBXFrameworksBuildPhase section */
		303D5EAD1C7A0077009D7864 /* Frameworks */ = {
			isa = PBXFrameworksBuildPhase;
			buildActionMask = 2147483647;
			files = (
				4ECA4EBB779EA5E8BF008307 /* libPods.a in Frameworks */,
			);
			runOnlyForDeploymentPostprocessing = 0;
		};
/* End PBXFrameworksBuildPhase section */

/* Begin PBXGroup section */
		303D5EA71C7A0077009D7864 = {
			isa = PBXGroup;
			children = (
				303D5EB21C7A0077009D7864 /* Viediscovery */,
				303D5EB11C7A0077009D7864 /* Products */,
				CD11B03918E964B3DD14AD24 /* Pods */,
				416C681FAB99D4FE65CD44D2 /* Frameworks */,
			);
			sourceTree = "<group>";
		};
		303D5EB11C7A0077009D7864 /* Products */ = {
			isa = PBXGroup;
			children = (
				303D5EB01C7A0077009D7864 /* Viediscovery.app */,
			);
			name = Products;
			sourceTree = "<group>";
		};
		303D5EB21C7A0077009D7864 /* Viediscovery */ = {
			isa = PBXGroup;
			children = (
				303D5ED51C7A027D009D7864 /* 根控制器 */,
				303D5ECC1C7A00C7009D7864 /* 工具类 */,
				303D5ECB1C7A00C0009D7864 /* 主界面 */,
				303D5ECA1C7A00AB009D7864 /* 登录界面 */,
				303D5EB61C7A0077009D7864 /* AppDelegate.h */,
				303D5EB71C7A0077009D7864 /* AppDelegate.m */,
				303D5EBF1C7A0077009D7864 /* Assets.xcassets */,
				303D5EC11C7A0077009D7864 /* LaunchScreen.storyboard */,
				303D5EC41C7A0077009D7864 /* Info.plist */,
				303D5EB31C7A0077009D7864 /* Supporting Files */,
			);
			path = Viediscovery;
			sourceTree = "<group>";
		};
		303D5EB31C7A0077009D7864 /* Supporting Files */ = {
			isa = PBXGroup;
			children = (
				303D5EB41C7A0077009D7864 /* main.m */,
			);
			name = "Supporting Files";
			sourceTree = "<group>";
		};
		303D5ECA1C7A00AB009D7864 /* 登录界面 */ = {
			isa = PBXGroup;
			children = (
				303D5EDB1C7A0296009D7864 /* VIEShowLoginViewController.h */,
				303D5EDC1C7A0296009D7864 /* VIEShowLoginViewController.m */,
			);
			name = "登录界面";
			sourceTree = "<group>";
		};
		303D5ECB1C7A00C0009D7864 /* 主界面 */ = {
			isa = PBXGroup;
			children = (
				303D5ECE1C7A0239009D7864 /* VIEShowMainViewController.h */,
				303D5ECF1C7A0239009D7864 /* VIEShowMainViewController.m */,
				30BC5C5B1C7B1EA20040F0BC /* VIEShowMainTableViewCell.h */,
				30BC5C5C1C7B1EA20040F0BC /* VIEShowMainTableViewCell.m */,
				30BC5C5D1C7B1EA20040F0BC /* VIEShowMainTableViewCell.xib */,
			);
			name = "主界面";
			sourceTree = "<group>";
		};
		303D5ECC1C7A00C7009D7864 /* 工具类 */ = {
			isa = PBXGroup;
			children = (
				303D5ED11C7A025F009D7864 /* VIEHTTPSessionManager.h */,
				303D5ED21C7A025F009D7864 /* VIEHTTPSessionManager.m */,
			);
			name = "工具类";
			sourceTree = "<group>";
		};
		303D5ED51C7A027D009D7864 /* 根控制器 */ = {
			isa = PBXGroup;
			children = (
				303D5ED61C7A0289009D7864 /* VIENavigationController.h */,
				303D5ED71C7A0289009D7864 /* VIENavigationController.m */,
				303D5ED81C7A0289009D7864 /* VIENavigationController.xib */,
			);
			name = "根控制器";
			sourceTree = "<group>";
		};
		416C681FAB99D4FE65CD44D2 /* Frameworks */ = {
			isa = PBXGroup;
			children = (
				885E3B041C796E4528737BB3 /* libPods.a */,
			);
			name = Frameworks;
			sourceTree = "<group>";
		};
		CD11B03918E964B3DD14AD24 /* Pods */ = {
			isa = PBXGroup;
			children = (
				48593DF5420EA2A4C33E67EF /* Pods.debug.xcconfig */,
				689F08FEA9B60719743C0F32 /* Pods.release.xcconfig */,
			);
			name = Pods;
			sourceTree = "<group>";
		};
/* End PBXGroup section */

/* Begin PBXNativeTarget section */
		303D5EAF1C7A0077009D7864 /* Viediscovery */ = {
			isa = PBXNativeTarget;
			buildConfigurationList = 303D5EC71C7A0077009D7864 /* Build configuration list for PBXNativeTarget "Viediscovery" */;
			buildPhases = (
				9D4EE244FD300E9361F1CDB4 /* Check Pods Manifest.lock */,
				303D5EAC1C7A0077009D7864 /* Sources */,
				303D5EAD1C7A0077009D7864 /* Frameworks */,
				303D5EAE1C7A0077009D7864 /* Resources */,
				E7556C78A8BD6620E666CFEC /* Embed Pods Frameworks */,
				F18B1179D14E8DCC0F288F4C /* Copy Pods Resources */,
			);
			buildRules = (
			);
			dependencies = (
			);
			name = Viediscovery;
			productName = Viediscovery;
			productReference = 303D5EB01C7A0077009D7864 /* Viediscovery.app */;
			productType = "com.apple.product-type.application";
		};
/* End PBXNativeTarget section */

/* Begin PBXProject section */
		303D5EA81C7A0077009D7864 /* Project object */ = {
			isa = PBXProject;
			attributes = {
				LastUpgradeCheck = 0720;
				ORGANIZATIONNAME = "李亚飞";
				TargetAttributes = {
					303D5EAF1C7A0077009D7864 = {
						CreatedOnToolsVersion = 7.2;
						DevelopmentTeam = N2J877P4EH;
					};
				};
			};
			buildConfigurationList = 303D5EAB1C7A0077009D7864 /* Build configuration list for PBXProject "Viediscovery" */;
			compatibilityVersion = "Xcode 3.2";
			developmentRegion = English;
			hasScannedForEncodings = 0;
			knownRegions = (
				en,
				Base,
			);
			mainGroup = 303D5EA71C7A0077009D7864;
			productRefGroup = 303D5EB11C7A0077009D7864 /* Products */;
			projectDirPath = "";
			projectRoot = "";
			targets = (
				303D5EAF1C7A0077009D7864 /* Viediscovery */,
			);
		};
/* End PBXProject section */

/* Begin PBXResourcesBuildPhase section */
		303D5EAE1C7A0077009D7864 /* Resources */ = {
			isa = PBXResourcesBuildPhase;
			buildActionMask = 2147483647;
			files = (
				303D5EC31C7A0077009D7864 /* LaunchScreen.storyboard in Resources */,
				303D5EC01C7A0077009D7864 /* Assets.xcassets in Resources */,
				30BC5C5F1C7B1EA20040F0BC /* VIEShowMainTableViewCell.xib in Resources */,
				303D5EDA1C7A0289009D7864 /* VIENavigationController.xib in Resources */,
			);
			runOnlyForDeploymentPostprocessing = 0;
		};
/* End PBXResourcesBuildPhase section */

/* Begin PBXShellScriptBuildPhase section */
		9D4EE244FD300E9361F1CDB4 /* Check Pods Manifest.lock */ = {
			isa = PBXShellScriptBuildPhase;
			buildActionMask = 2147483647;
			files = (
			);
			inputPaths = (
			);
			name = "Check Pods Manifest.lock";
			outputPaths = (
			);
			runOnlyForDeploymentPostprocessing = 0;
			shellPath = /bin/sh;
			shellScript = "diff \"${PODS_ROOT}/../Podfile.lock\" \"${PODS_ROOT}/Manifest.lock\" > /dev/null\nif [[ $? != 0 ]] ; then\n    cat << EOM\nerror: The sandbox is not in sync with the Podfile.lock. Run 'pod install' or update your CocoaPods installation.\nEOM\n    exit 1\nfi\n";
			showEnvVarsInLog = 0;
		};
		E7556C78A8BD6620E666CFEC /* Embed Pods Frameworks */ = {
			isa = PBXShellScriptBuildPhase;
			buildActionMask = 2147483647;
			files = (
			);
			inputPaths = (
			);
			name = "Embed Pods Frameworks";
			outputPaths = (
			);
			runOnlyForDeploymentPostprocessing = 0;
			shellPath = /bin/sh;
			shellScript = "\"${SRCROOT}/Pods/Target Support Files/Pods/Pods-frameworks.sh\"\n";
			showEnvVarsInLog = 0;
		};
		F18B1179D14E8DCC0F288F4C /* Copy Pods Resources */ = {
			isa = PBXShellScriptBuildPhase;
			buildActionMask = 2147483647;
			files = (
			);
			inputPaths = (
			);
			name = "Copy Pods Resources";
			outputPaths = (
			);
			runOnlyForDeploymentPostprocessing = 0;
			shellPath = /bin/sh;
			shellScript = "\"${SRCROOT}/Pods/Target Support Files/Pods/Pods-resources.sh\"\n";
			showEnvVarsInLog = 0;
		};
/* End PBXShellScriptBuildPhase section */

/* Begin PBXSourcesBuildPhase section */
		303D5EAC1C7A0077009D7864 /* Sources */ = {
			isa = PBXSourcesBuildPhase;
			buildActionMask = 2147483647;
			files = (
				303D5ED91C7A0289009D7864 /* VIENavigationController.m in Sources */,
				303D5EB81C7A0077009D7864 /* AppDelegate.m in Sources */,
				303D5EDD1C7A0296009D7864 /* VIEShowLoginViewController.m in Sources */,
				30BC5C5E1C7B1EA20040F0BC /* VIEShowMainTableViewCell.m in Sources */,
				303D5ED31C7A025F009D7864 /* VIEHTTPSessionManager.m in Sources */,
				303D5ED01C7A0239009D7864 /* VIEShowMainViewController.m in Sources */,
				303D5EB51C7A0077009D7864 /* main.m in Sources */,
			);
			runOnlyForDeploymentPostprocessing = 0;
		};
/* End PBXSourcesBuildPhase section */

/* Begin PBXVariantGroup section */
		303D5EC11C7A0077009D7864 /* LaunchScreen.storyboard */ = {
			isa = PBXVariantGroup;
			children = (
				303D5EC21C7A0077009D7864 /* Base */,
			);
			name = LaunchScreen.storyboard;
			sourceTree = "<group>";
		};
/* End PBXVariantGroup section */

/* Begin XCBuildConfiguration section */
		303D5EC51C7A0077009D7864 /* Debug */ = {
			isa = XCBuildConfiguration;
			buildSettings = {
				ALWAYS_SEARCH_USER_PATHS = NO;
				CLANG_CXX_LANGUAGE_STANDARD = "gnu++0x";
				CLANG_CXX_LIBRARY = "libc++";
				CLANG_ENABLE_MODULES = YES;
				CLANG_ENABLE_OBJC_ARC = YES;
				CLANG_WARN_BOOL_CONVERSION = YES;
				CLANG_WARN_CONSTANT_CONVERSION = YES;
				CLANG_WARN_DIRECT_OBJC_ISA_USAGE = YES_ERROR;
				CLANG_WARN_EMPTY_BODY = YES;
				CLANG_WARN_ENUM_CONVERSION = YES;
				CLANG_WARN_INT_CONVERSION = YES;
				CLANG_WARN_OBJC_ROOT_CLASS = YES_ERROR;
				CLANG_WARN_UNREACHABLE_CODE = YES;
				CLANG_WARN__DUPLICATE_METHOD_MATCH = YES;
				"CODE_SIGN_IDENTITY[sdk=iphoneos*]" = "iPhone Developer";
				COPY_PHASE_STRIP = NO;
				DEBUG_INFORMATION_FORMAT = dwarf;
				ENABLE_STRICT_OBJC_MSGSEND = YES;
				ENABLE_TESTABILITY = YES;
				GCC_C_LANGUAGE_STANDARD = gnu99;
				GCC_DYNAMIC_NO_PIC = NO;
				GCC_NO_COMMON_BLOCKS = YES;
				GCC_OPTIMIZATION_LEVEL = 0;
				GCC_PREPROCESSOR_DEFINITIONS = (
					"DEBUG=1",
					"$(inherited)",
				);
				GCC_WARN_64_TO_32_BIT_CONVERSION = YES;
				GCC_WARN_ABOUT_RETURN_TYPE = YES_ERROR;
				GCC_WARN_UNDECLARED_SELECTOR = YES;
				GCC_WARN_UNINITIALIZED_AUTOS = YES_AGGRESSIVE;
				GCC_WARN_UNUSED_FUNCTION = YES;
				GCC_WARN_UNUSED_VARIABLE = YES;
				IPHONEOS_DEPLOYMENT_TARGET = 9.2;
				MTL_ENABLE_DEBUG_INFO = YES;
				ONLY_ACTIVE_ARCH = YES;
				SDKROOT = iphoneos;
			};
			name = Debug;
		};
		303D5EC61C7A0077009D7864 /* Release */ = {
			isa = XCBuildConfiguration;
			buildSettings = {
				ALWAYS_SEARCH_USER_PATHS = NO;
				CLANG_CXX_LANGUAGE_STANDARD = "gnu++0x";
				CLANG_CXX_LIBRARY = "libc++";
				CLANG_ENABLE_MODULES = YES;
				CLANG_ENABLE_OBJC_ARC = YES;
				CLANG_WARN_BOOL_CONVERSION = YES;
				CLANG_WARN_CONSTANT_CONVERSION = YES;
				CLANG_WARN_DIRECT_OBJC_ISA_USAGE = YES_ERROR;
				CLANG_WARN_EMPTY_BODY = YES;
				CLANG_WARN_ENUM_CONVERSION = YES;
				CLANG_WARN_INT_CONVERSION = YES;
				CLANG_WARN_OBJC_ROOT_CLASS = YES_ERROR;
				CLANG_WARN_UNREACHABLE_CODE = YES;
				CLANG_WARN__DUPLICATE_METHOD_MATCH = YES;
				"CODE_SIGN_IDENTITY[sdk=iphoneos*]" = "iPhone Developer";
				COPY_PHASE_STRIP = NO;
				DEBUG_INFORMATION_FORMAT = "dwarf-with-dsym";
				ENABLE_NS_ASSERTIONS = NO;
				ENABLE_STRICT_OBJC_MSGSEND = YES;
				GCC_C_LANGUAGE_STANDARD = gnu99;
				GCC_NO_COMMON_BLOCKS = YES;
				GCC_WARN_64_TO_32_BIT_CONVERSION = YES;
				GCC_WARN_ABOUT_RETURN_TYPE = YES_ERROR;
				GCC_WARN_UNDECLARED_SELECTOR = YES;
				GCC_WARN_UNINITIALIZED_AUTOS = YES_AGGRESSIVE;
				GCC_WARN_UNUSED_FUNCTION = YES;
				GCC_WARN_UNUSED_VARIABLE = YES;
				IPHONEOS_DEPLOYMENT_TARGET = 9.2;
				MTL_ENABLE_DEBUG_INFO = NO;
				SDKROOT = iphoneos;
				VALIDATE_PRODUCT = YES;
			};
			name = Release;
		};
		303D5EC81C7A0077009D7864 /* Debug */ = {
			isa = XCBuildConfiguration;
			baseConfigurationReference = 48593DF5420EA2A4C33E67EF /* Pods.debug.xcconfig */;
			buildSettings = {
				ASSETCATALOG_COMPILER_APPICON_NAME = AppIcon;
				INFOPLIST_FILE = Viediscovery/Info.plist;
				LD_RUNPATH_SEARCH_PATHS = "$(inherited) @executable_path/Frameworks";
				PRODUCT_BUNDLE_IDENTIFIER = vie.Viediscovery;
				PRODUCT_NAME = "$(TARGET_NAME)";
			};
			name = Debug;
		};
		303D5EC91C7A0077009D7864 /* Release */ = {
			isa = XCBuildConfiguration;
			baseConfigurationReference = 689F08FEA9B60719743C0F32 /* Pods.release.xcconfig */;
			buildSettings = {
				ASSETCATALOG_COMPILER_APPICON_NAME = AppIcon;
				INFOPLIST_FILE = Viediscovery/Info.plist;
				LD_RUNPATH_SEARCH_PATHS = "$(inherited) @executable_path/Frameworks";
				PRODUCT_BUNDLE_IDENTIFIER = vie.Viediscovery;
				PRODUCT_NAME = "$(TARGET_NAME)";
			};
			name = Release;
		};
/* End XCBuildConfiguration section */

/* Begin XCConfigurationList section */
		303D5EAB1C7A0077009D7864 /* Build configuration list for PBXProject "Viediscovery" */ = {
			isa = XCConfigurationList;
			buildConfigurations = (
				303D5EC51C7A0077009D7864 /* Debug */,
				303D5EC61C7A0077009D7864 /* Release */,
			);
			defaultConfigurationIsVisible = 0;
			defaultConfigurationName = Release;
		};
		303D5EC71C7A0077009D7864 /* Build configuration list for PBXNativeTarget "Viediscovery" */ = {
			isa = XCConfigurationList;
			buildConfigurations = (
				303D5EC81C7A0077009D7864 /* Debug */,
				303D5EC91C7A0077009D7864 /* Release */,
			);
			defaultConfigurationIsVisible = 0;
			defaultConfigurationName = Release;
		};
/* End XCConfigurationList section */
	};
	rootObject = 303D5EA81C7A0077009D7864 /* Project object */;
}
